
Microsoft Visual Studio Solution File, Format Version 12.00
# Visual Studio Version 17
VisualStudioVersion = 17.3.32825.248
MinimumVisualStudioVersion = 10.0.40219.1
Project("{FAE04EC0-301F-11D3-BF4B-00C04F79EFBC}") = "BTA2022", "BTA2022\BTA2022.csproj", "{7277DFD8-086D-4144-B79B-F778A140ADA0}"
EndProject
Global
	GlobalSection(SolutionConfigurationPlatforms) = preSolution
		Debug|Any CPU = Debug|Any CPU
		Release|Any CPU = Release|Any CPU
	EndGlobalSection
	GlobalSection(ProjectConfigurationPlatforms) = postSolution
		{7277DFD8-086D-4144-B79B-F778A140ADA0}.Debug|Any CPU.ActiveCfg = Debug|Any CPU
		{7277DFD8-086D-4144-B79B-F778A140ADA0}.Debug|Any CPU.Build.0 = Debug|Any CPU
		{7277DFD8-086D-4144-B79B-F778A140ADA0}.Release|Any CPU.ActiveCfg = Release|Any CPU
		{7277DFD8-086D-4144-B79B-F778A140ADA0}.Release|Any CPU.Build.0 = Release|Any CPU
	EndGlobalSection
	GlobalSection(SolutionProperties) = preSolution
		HideSolutionNode = FALSE
	EndGlobalSection
	GlobalSection(ExtensibilityGlobals) = postSolution
		SolutionGuid = {04290B0F-3EF7-4F67-9FFB-9EA9A9857BF9}
	EndGlobalSection
EndGlobal
